
Microsoft Visual Studio Solution File, Format Version 12.00
# Visual Studio Version 18
VisualStudioVersion = 18.6.11819.183 stable
MinimumVisualStudioVersion = 10.0.40219.1
Project("{FAE04EC0-301F-11D3-BF4B-00C04F79EFBC}") = "PaniniDapperApp", "PaniniDapperApp.csproj", "{9179FED9-4EDB-D027-13F5-FC6C2D21E73A}"
EndProject
Global
	GlobalSection(SolutionConfigurationPlatforms) = preSolution
		Debug|Any CPU = Debug|Any CPU
		Release|Any CPU = Release|Any CPU
	EndGlobalSection
	GlobalSection(ProjectConfigurationPlatforms) = postSolution
		{9179FED9-4EDB-D027-13F5-FC6C2D21E73A}.Debug|Any CPU.ActiveCfg = Debug|Any CPU
		{9179FED9-4EDB-D027-13F5-FC6C2D21E73A}.Debug|Any CPU.Build.0 = Debug|Any CPU
		{9179FED9-4EDB-D027-13F5-FC6C2D21E73A}.Release|Any CPU.ActiveCfg = Release|Any CPU
		{9179FED9-4EDB-D027-13F5-FC6C2D21E73A}.Release|Any CPU.Build.0 = Release|Any CPU
	EndGlobalSection
	GlobalSection(SolutionProperties) = preSolution
		HideSolutionNode = FALSE
	EndGlobalSection
	GlobalSection(ExtensibilityGlobals) = postSolution
		SolutionGuid = {202188CE-253A-4140-AD39-7E043E675BC4}
	EndGlobalSection
EndGlobal
