
Microsoft Visual Studio Solution File, Format Version 12.00
# Visual Studio Version 18
VisualStudioVersion = 18.6.11819.183 stable
MinimumVisualStudioVersion = 10.0.40219.1
Project("{FAE04EC0-301F-11D3-BF4B-00C04F79EFBC}") = "AdvancedGameStore", "AdvancedGameStore.csproj", "{B06ADECC-6CE3-5D8B-D340-DD7F087486B2}"
EndProject
Global
	GlobalSection(SolutionConfigurationPlatforms) = preSolution
		Debug|Any CPU = Debug|Any CPU
		Release|Any CPU = Release|Any CPU
	EndGlobalSection
	GlobalSection(ProjectConfigurationPlatforms) = postSolution
		{B06ADECC-6CE3-5D8B-D340-DD7F087486B2}.Debug|Any CPU.ActiveCfg = Debug|Any CPU
		{B06ADECC-6CE3-5D8B-D340-DD7F087486B2}.Debug|Any CPU.Build.0 = Debug|Any CPU
		{B06ADECC-6CE3-5D8B-D340-DD7F087486B2}.Release|Any CPU.ActiveCfg = Release|Any CPU
		{B06ADECC-6CE3-5D8B-D340-DD7F087486B2}.Release|Any CPU.Build.0 = Release|Any CPU
	EndGlobalSection
	GlobalSection(SolutionProperties) = preSolution
		HideSolutionNode = FALSE
	EndGlobalSection
	GlobalSection(ExtensibilityGlobals) = postSolution
		SolutionGuid = {4E871708-B9F9-49C9-AE41-86D73C3248F6}
	EndGlobalSection
EndGlobal
